
Microsoft Visual Studio Solution File, Format Version 12.00
# Visual Studio Version 18
VisualStudioVersion = 18.1.11312.151 d18.0
MinimumVisualStudioVersion = 10.0.40219.1
Project("{FAE04EC0-301F-11D3-BF4B-00C04F79EFBC}") = "FishingLogApi", "FishingLogApi\FishingLogApi.csproj", "{0365DD54-A41F-4601-AC33-9A5C5F23F0CF}"
EndProject
Project("{FAE04EC0-301F-11D3-BF4B-00C04F79EFBC}") = "FishingLogApi.DAL", "FishingLogApi.DAL\FishingLogApi.DAL.csproj", "{4BB8452F-6407-48B2-A0B8-7A5C0993F2EB}"
EndProject
Project("{FAE04EC0-301F-11D3-BF4B-00C04F79EFBC}") = "FishingLogUnitTests", "ZUnitTest\FishingLogUnitTests.csproj", "{11309EB3-2DE9-4EB6-88E0-6FFB3442D38E}"
EndProject
Project("{2150E333-8FDC-42A3-9474-1A3956D46DE8}") = "Solution Items", "Solution Items", "{83383ED7-1E3D-4CAB-B563-C745DB53B208}"
	ProjectSection(SolutionItems) = preProject
		sql_Insert.txt = sql_Insert.txt
	EndProjectSection
EndProject
Global
	GlobalSection(SolutionConfigurationPlatforms) = preSolution
		Debug|Any CPU = Debug|Any CPU
		Release|Any CPU = Release|Any CPU
	EndGlobalSection
	GlobalSection(ProjectConfigurationPlatforms) = postSolution
		{0365DD54-A41F-4601-AC33-9A5C5F23F0CF}.Debug|Any CPU.ActiveCfg = Debug|Any CPU
		{0365DD54-A41F-4601-AC33-9A5C5F23F0CF}.Debug|Any CPU.Build.0 = Debug|Any CPU
		{0365DD54-A41F-4601-AC33-9A5C5F23F0CF}.Release|Any CPU.ActiveCfg = Release|Any CPU
		{0365DD54-A41F-4601-AC33-9A5C5F23F0CF}.Release|Any CPU.Build.0 = Release|Any CPU
		{4BB8452F-6407-48B2-A0B8-7A5C0993F2EB}.Debug|Any CPU.ActiveCfg = Debug|Any CPU
		{4BB8452F-6407-48B2-A0B8-7A5C0993F2EB}.Debug|Any CPU.Build.0 = Debug|Any CPU
		{4BB8452F-6407-48B2-A0B8-7A5C0993F2EB}.Release|Any CPU.ActiveCfg = Release|Any CPU
		{4BB8452F-6407-48B2-A0B8-7A5C0993F2EB}.Release|Any CPU.Build.0 = Release|Any CPU
		{11309EB3-2DE9-4EB6-88E0-6FFB3442D38E}.Debug|Any CPU.ActiveCfg = Debug|Any CPU
		{11309EB3-2DE9-4EB6-88E0-6FFB3442D38E}.Debug|Any CPU.Build.0 = Debug|Any CPU
		{11309EB3-2DE9-4EB6-88E0-6FFB3442D38E}.Release|Any CPU.ActiveCfg = Release|Any CPU
		{11309EB3-2DE9-4EB6-88E0-6FFB3442D38E}.Release|Any CPU.Build.0 = Release|Any CPU
	EndGlobalSection
	GlobalSection(SolutionProperties) = preSolution
		HideSolutionNode = FALSE
	EndGlobalSection
	GlobalSection(ExtensibilityGlobals) = postSolution
		SolutionGuid = {438DC174-CC34-4010-8B6D-A907E2F12D8E}
	EndGlobalSection
EndGlobal
